
Microsoft Visual Studio Solution File, Format Version 12.00
Project("{FAE04EC0-301F-11D3-BF4B-00C04F79EFBC}") = "Schach", "Schach\Schach.csproj", "{5FE9B2D0-1E3C-4C96-B760-6E5D62FD7977}"
EndProject
Global
	GlobalSection(SolutionConfigurationPlatforms) = preSolution
		Debug|Any CPU = Debug|Any CPU
		Release|Any CPU = Release|Any CPU
	EndGlobalSection
	GlobalSection(ProjectConfigurationPlatforms) = postSolution
		{5FE9B2D0-1E3C-4C96-B760-6E5D62FD7977}.Debug|Any CPU.ActiveCfg = Debug|Any CPU
		{5FE9B2D0-1E3C-4C96-B760-6E5D62FD7977}.Debug|Any CPU.Build.0 = Debug|Any CPU
		{5FE9B2D0-1E3C-4C96-B760-6E5D62FD7977}.Release|Any CPU.ActiveCfg = Release|Any CPU
		{5FE9B2D0-1E3C-4C96-B760-6E5D62FD7977}.Release|Any CPU.Build.0 = Release|Any CPU
	EndGlobalSection
EndGlobal
